// !$*UTF8*$!
{
	archiveVersion = 1;
	classes = {
	};
	objectVersion = 46;
	objects = {

/* Begin PBXBuildFile section */
		D323CDE219B2ACAF00E8F68C /* RecentUserDefaults.m in Sources */ = {isa = PBXBuildFile; fileRef = D323CDE119B2ACAF00E8F68C /* RecentUserDefaults.m */; };
		D323CDE519B2B16E00E8F68C /* RecentFLickrPhotosTVC.m in Sources */ = {isa = PBXBuildFile; fileRef = D323CDE419B2B16E00E8F68C /* RecentFLickrPhotosTVC.m */; };
		D353103919AFC37500541405 /* PlacesTVC.m in Sources */ = {isa = PBXBuildFile; fileRef = D353103619AFC37500541405 /* PlacesTVC.m */; };
		D353104019AFC6BC00541405 /* TopPlacesTVC.m in Sources */ = {isa = PBXBuildFile; fileRef = D353103F19AFC6BC00541405 /* TopPlacesTVC.m */; };
		D38C6E7419AF91B1006AE03F /* Foundation.framework in Frameworks */ = {isa = PBXBuildFile; fileRef = D38C6E7319AF91B1006AE03F /* Foundation.framework */; };
		D38C6E7619AF91B1006AE03F /* CoreGraphics.framework in Frameworks */ = {isa = PBXBuildFile; fileRef = D38C6E7519AF91B1006AE03F /* CoreGraphics.framework */; };
		D38C6E7819AF91B1006AE03F /* UIKit.framework in Frameworks */ = {isa = PBXBuildFile; fileRef = D38C6E7719AF91B1006AE03F /* UIKit.framework */; };
		D38C6E7E19AF91B1006AE03F /* InfoPlist.strings in Resources */ = {isa = PBXBuildFile; fileRef = D38C6E7C19AF91B1006AE03F /* InfoPlist.strings */; };
		D38C6E8019AF91B1006AE03F /* main.m in Sources */ = {isa = PBXBuildFile; fileRef = D38C6E7F19AF91B1006AE03F /* main.m */; };
		D38C6E8419AF91B1006AE03F /* TopPlacesAppDelegate.m in Sources */ = {isa = PBXBuildFile; fileRef = D38C6E8319AF91B1006AE03F /* TopPlacesAppDelegate.m */; };
		D38C6E8719AF91B1006AE03F /* Main_iPhone.storyboard in Resources */ = {isa = PBXBuildFile; fileRef = D38C6E8519AF91B1006AE03F /* Main_iPhone.storyboard */; };
		D38C6E8A19AF91B1006AE03F /* Main_iPad.storyboard in Resources */ = {isa = PBXBuildFile; fileRef = D38C6E8819AF91B1006AE03F /* Main_iPad.storyboard */; };
		D38C6E8D19AF91B1006AE03F /* TopPlacesViewController.m in Sources */ = {isa = PBXBuildFile; fileRef = D38C6E8C19AF91B1006AE03F /* TopPlacesViewController.m */; };
		D38C6E8F19AF91B1006AE03F /* Images.xcassets in Resources */ = {isa = PBXBuildFile; fileRef = D38C6E8E19AF91B1006AE03F /* Images.xcassets */; };
		D38C6E9619AF91B1006AE03F /* XCTest.framework in Frameworks */ = {isa = PBXBuildFile; fileRef = D38C6E9519AF91B1006AE03F /* XCTest.framework */; };
		D38C6E9719AF91B1006AE03F /* Foundation.framework in Frameworks */ = {isa = PBXBuildFile; fileRef = D38C6E7319AF91B1006AE03F /* Foundation.framework */; };
		D38C6E9819AF91B1006AE03F /* UIKit.framework in Frameworks */ = {isa = PBXBuildFile; fileRef = D38C6E7719AF91B1006AE03F /* UIKit.framework */; };
		D38C6EA019AF91B1006AE03F /* InfoPlist.strings in Resources */ = {isa = PBXBuildFile; fileRef = D38C6E9E19AF91B1006AE03F /* InfoPlist.strings */; };
		D38C6EA219AF91B1006AE03F /* TopPlacesTests.m in Sources */ = {isa = PBXBuildFile; fileRef = D38C6EA119AF91B1006AE03F /* TopPlacesTests.m */; };
		D38C6EAF19AF9249006AE03F /* FlickrFetcher.m in Sources */ = {isa = PBXBuildFile; fileRef = D38C6EAE19AF9249006AE03F /* FlickrFetcher.m */; };
		D38C6EB219AF9368006AE03F /* ImageViewController.m in Sources */ = {isa = PBXBuildFile; fileRef = D38C6EB119AF9368006AE03F /* ImageViewController.m */; };
		D38FE28D19AFB3200072BEEF /* FLickrPhotosTVC.m in Sources */ = {isa = PBXBuildFile; fileRef = D38FE28C19AFB3200072BEEF /* FLickrPhotosTVC.m */; };
		D38FE29619AFC19E0072BEEF /* PlaceTopFlickrPhotosTVC.m in Sources */ = {isa = PBXBuildFile; fileRef = D38FE29519AFC19E0072BEEF /* PlaceTopFlickrPhotosTVC.m */; };
/* End PBXBuildFile section */

/* Begin PBXContainerItemProxy section */
		D38C6E9919AF91B1006AE03F /* PBXContainerItemProxy */ = {
			isa = PBXContainerItemProxy;
			containerPortal = D38C6E6819AF91B1006AE03F /* Project object */;
			proxyType = 1;
			remoteGlobalIDString = D38C6E6F19AF91B1006AE03F;
			remoteInfo = TopPlaces;
		};
/* End PBXContainerItemProxy section */

/* Begin PBXFileReference section */
		D323CDE019B2ACAF00E8F68C /* RecentUserDefaults.h */ = {isa = PBXFileReference; fileEncoding = 4; lastKnownFileType = sourcecode.c.h; path = RecentUserDefaults.h; sourceTree = "<group>"; };
		D323CDE119B2ACAF00E8F68C /* RecentUserDefaults.m */ = {isa = PBXFileReference; fileEncoding = 4; lastKnownFileType = sourcecode.c.objc; path = RecentUserDefaults.m; sourceTree = "<group>"; };
		D323CDE319B2B16E00E8F68C /* RecentFLickrPhotosTVC.h */ = {isa = PBXFileReference; fileEncoding = 4; lastKnownFileType = sourcecode.c.h; path = RecentFLickrPhotosTVC.h; sourceTree = "<group>"; };
		D323CDE419B2B16E00E8F68C /* RecentFLickrPhotosTVC.m */ = {isa = PBXFileReference; fileEncoding = 4; lastKnownFileType = sourcecode.c.objc; path = RecentFLickrPhotosTVC.m; sourceTree = "<group>"; };
		D353103519AFC37500541405 /* PlacesTVC.h */ = {isa = PBXFileReference; fileEncoding = 4; lastKnownFileType = sourcecode.c.h; path = PlacesTVC.h; sourceTree = "<group>"; };
		D353103619AFC37500541405 /* PlacesTVC.m */ = {isa = PBXFileReference; fileEncoding = 4; lastKnownFileType = sourcecode.c.objc; path = PlacesTVC.m; sourceTree = "<group>"; };
		D353103E19AFC6BC00541405 /* TopPlacesTVC.h */ = {isa = PBXFileReference; fileEncoding = 4; lastKnownFileType = sourcecode.c.h; path = TopPlacesTVC.h; sourceTree = "<group>"; };
		D353103F19AFC6BC00541405 /* TopPlacesTVC.m */ = {isa = PBXFileReference; fileEncoding = 4; lastKnownFileType = sourcecode.c.objc; path = TopPlacesTVC.m; sourceTree = "<group>"; };
		D38C6E7019AF91B1006AE03F /* TopPlaces.app */ = {isa = PBXFileReference; explicitFileType = wrapper.application; includeInIndex = 0; path = TopPlaces.app; sourceTree = BUILT_PRODUCTS_DIR; };
		D38C6E7319AF91B1006AE03F /* Foundation.framework */ = {isa = PBXFileReference; lastKnownFileType = wrapper.framework; name = Foundation.framework; path = System/Library/Frameworks/Foundation.framework; sourceTree = SDKROOT; };
		D38C6E7519AF91B1006AE03F /* CoreGraphics.framework */ = {isa = PBXFileReference; lastKnownFileType = wrapper.framework; name = CoreGraphics.framework; path = System/Library/Frameworks/CoreGraphics.framework; sourceTree = SDKROOT; };
		D38C6E7719AF91B1006AE03F /* UIKit.framework */ = {isa = PBXFileReference; lastKnownFileType = wrapper.framework; name = UIKit.framework; path = System/Library/Frameworks/UIKit.framework; sourceTree = SDKROOT; };
		D38C6E7B19AF91B1006AE03F /* TopPlaces-Info.plist */ = {isa = PBXFileReference; lastKnownFileType = text.plist.xml; path = "TopPlaces-Info.plist"; sourceTree = "<group>"; };
		D38C6E7D19AF91B1006AE03F /* en */ = {isa = PBXFileReference; lastKnownFileType = text.plist.strings; name = en; path = en.lproj/InfoPlist.strings; sourceTree = "<group>"; };
		D38C6E7F19AF91B1006AE03F /* main.m */ = {isa = PBXFileReference; lastKnownFileType = sourcecode.c.objc; path = main.m; sourceTree = "<group>"; };
		D38C6E8119AF91B1006AE03F /* TopPlaces-Prefix.pch */ = {isa = PBXFileReference; lastKnownFileType = sourcecode.c.h; path = "TopPlaces-Prefix.pch"; sourceTree = "<group>"; };
		D38C6E8219AF91B1006AE03F /* TopPlacesAppDelegate.h */ = {isa = PBXFileReference; lastKnownFileType = sourcecode.c.h; path = TopPlacesAppDelegate.h; sourceTree = "<group>"; };
		D38C6E8319AF91B1006AE03F /* TopPlacesAppDelegate.m */ = {isa = PBXFileReference; lastKnownFileType = sourcecode.c.objc; path = TopPlacesAppDelegate.m; sourceTree = "<group>"; };
		D38C6E8619AF91B1006AE03F /* Base */ = {isa = PBXFileReference; lastKnownFileType = file.storyboard; name = Base; path = Base.lproj/Main_iPhone.storyboard; sourceTree = "<group>"; };
		D38C6E8919AF91B1006AE03F /* Base */ = {isa = PBXFileReference; lastKnownFileType = file.storyboard; name = Base; path = Base.lproj/Main_iPad.storyboard; sourceTree = "<group>"; };
		D38C6E8B19AF91B1006AE03F /* TopPlacesViewController.h */ = {isa = PBXFileReference; lastKnownFileType = sourcecode.c.h; path = TopPlacesViewController.h; sourceTree = "<group>"; };
		D38C6E8C19AF91B1006AE03F /* TopPlacesViewController.m */ = {isa = PBXFileReference; lastKnownFileType = sourcecode.c.objc; path = TopPlacesViewController.m; sourceTree = "<group>"; };
		D38C6E8E19AF91B1006AE03F /* Images.xcassets */ = {isa = PBXFileReference; lastKnownFileType = folder.assetcatalog; path = Images.xcassets; sourceTree = "<group>"; };
		D38C6E9419AF91B1006AE03F /* TopPlacesTests.xctest */ = {isa = PBXFileReference; explicitFileType = wrapper.cfbundle; includeInIndex = 0; path = TopPlacesTests.xctest; sourceTree = BUILT_PRODUCTS_DIR; };
		D38C6E9519AF91B1006AE03F /* XCTest.framework */ = {isa = PBXFileReference; lastKnownFileType = wrapper.framework; name = XCTest.framework; path = Library/Frameworks/XCTest.framework; sourceTree = DEVELOPER_DIR; };
		D38C6E9D19AF91B1006AE03F /* TopPlacesTests-Info.plist */ = {isa = PBXFileReference; lastKnownFileType = text.plist.xml; path = "TopPlacesTests-Info.plist"; sourceTree = "<group>"; };
		D38C6E9F19AF91B1006AE03F /* en */ = {isa = PBXFileReference; lastKnownFileType = text.plist.strings; name = en; path = en.lproj/InfoPlist.strings; sourceTree = "<group>"; };
		D38C6EA119AF91B1006AE03F /* TopPlacesTests.m */ = {isa = PBXFileReference; lastKnownFileType = sourcecode.c.objc; path = TopPlacesTests.m; sourceTree = "<group>"; };
		D38C6EAC19AF9249006AE03F /* FlickrAPIKey.h */ = {isa = PBXFileReference; fileEncoding = 4; lastKnownFileType = sourcecode.c.h; path = FlickrAPIKey.h; sourceTree = "<group>"; };
		D38C6EAD19AF9249006AE03F /* FlickrFetcher.h */ = {isa = PBXFileReference; fileEncoding = 4; lastKnownFileType = sourcecode.c.h; path = FlickrFetcher.h; sourceTree = "<group>"; };
		D38C6EAE19AF9249006AE03F /* FlickrFetcher.m */ = {isa = PBXFileReference; fileEncoding = 4; lastKnownFileType = sourcecode.c.objc; path = FlickrFetcher.m; sourceTree = "<group>"; };
		D38C6EB019AF9368006AE03F /* ImageViewController.h */ = {isa = PBXFileReference; fileEncoding = 4; lastKnownFileType = sourcecode.c.h; path = ImageViewController.h; sourceTree = "<group>"; };
		D38C6EB119AF9368006AE03F /* ImageViewController.m */ = {isa = PBXFileReference; fileEncoding = 4; lastKnownFileType = sourcecode.c.objc; path = ImageViewController.m; sourceTree = "<group>"; };
		D38FE28B19AFB3200072BEEF /* FLickrPhotosTVC.h */ = {isa = PBXFileReference; fileEncoding = 4; lastKnownFileType = sourcecode.c.h; path = FLickrPhotosTVC.h; sourceTree = "<group>"; };
		D38FE28C19AFB3200072BEEF /* FLickrPhotosTVC.m */ = {isa = PBXFileReference; fileEncoding = 4; lastKnownFileType = sourcecode.c.objc; path = FLickrPhotosTVC.m; sourceTree = "<group>"; };
		D38FE29419AFC19E0072BEEF /* PlaceTopFlickrPhotosTVC.h */ = {isa = PBXFileReference; fileEncoding = 4; lastKnownFileType = sourcecode.c.h; path = PlaceTopFlickrPhotosTVC.h; sourceTree = "<group>"; };
		D38FE29519AFC19E0072BEEF /* PlaceTopFlickrPhotosTVC.m */ = {isa = PBXFileReference; fileEncoding = 4; lastKnownFileType = sourcecode.c.objc; path = PlaceTopFlickrPhotosTVC.m; sourceTree = "<group>"; };
/* End PBXFileReference section */

/* Begin PBXFrameworksBuildPhase section */
		D38C6E6D19AF91B1006AE03F /* Frameworks */ = {
			isa = PBXFrameworksBuildPhase;
			buildActionMask = 2147483647;
			files = (
				D38C6E7619AF91B1006AE03F /* CoreGraphics.framework in Frameworks */,
				D38C6E7819AF91B1006AE03F /* UIKit.framework in Frameworks */,
				D38C6E7419AF91B1006AE03F /* Foundation.framework in Frameworks */,
			);
			runOnlyForDeploymentPostprocessing = 0;
		};
		D38C6E9119AF91B1006AE03F /* Frameworks */ = {
			isa = PBXFrameworksBuildPhase;
			buildActionMask = 2147483647;
			files = (
				D38C6E9619AF91B1006AE03F /* XCTest.framework in Frameworks */,
				D38C6E9819AF91B1006AE03F /* UIKit.framework in Frameworks */,
				D38C6E9719AF91B1006AE03F /* Foundation.framework in Frameworks */,
			);
			runOnlyForDeploymentPostprocessing = 0;
		};
/* End PBXFrameworksBuildPhase section */

/* Begin PBXGroup section */
		D38C6E6719AF91B1006AE03F = {
			isa = PBXGroup;
			children = (
				D38C6E7919AF91B1006AE03F /* TopPlaces */,
				D38C6E9B19AF91B1006AE03F /* TopPlacesTests */,
				D38C6E7219AF91B1006AE03F /* Frameworks */,
				D38C6E7119AF91B1006AE03F /* Products */,
			);
			sourceTree = "<group>";
		};
		D38C6E7119AF91B1006AE03F /* Products */ = {
			isa = PBXGroup;
			children = (
				D38C6E7019AF91B1006AE03F /* TopPlaces.app */,
				D38C6E9419AF91B1006AE03F /* TopPlacesTests.xctest */,
			);
			name = Products;
			sourceTree = "<group>";
		};
		D38C6E7219AF91B1006AE03F /* Frameworks */ = {
			isa = PBXGroup;
			children = (
				D38C6E7319AF91B1006AE03F /* Foundation.framework */,
				D38C6E7519AF91B1006AE03F /* CoreGraphics.framework */,
				D38C6E7719AF91B1006AE03F /* UIKit.framework */,
				D38C6E9519AF91B1006AE03F /* XCTest.framework */,
			);
			name = Frameworks;
			sourceTree = "<group>";
		};
		D38C6E7919AF91B1006AE03F /* TopPlaces */ = {
			isa = PBXGroup;
			children = (
				D38C6E8519AF91B1006AE03F /* Main_iPhone.storyboard */,
				D38C6E8819AF91B1006AE03F /* Main_iPad.storyboard */,
				D38FE28B19AFB3200072BEEF /* FLickrPhotosTVC.h */,
				D38FE28C19AFB3200072BEEF /* FLickrPhotosTVC.m */,
				D38FE29419AFC19E0072BEEF /* PlaceTopFlickrPhotosTVC.h */,
				D38FE29519AFC19E0072BEEF /* PlaceTopFlickrPhotosTVC.m */,
				D353103519AFC37500541405 /* PlacesTVC.h */,
				D353103619AFC37500541405 /* PlacesTVC.m */,
				D353103E19AFC6BC00541405 /* TopPlacesTVC.h */,
				D353103F19AFC6BC00541405 /* TopPlacesTVC.m */,
				D38C6EB019AF9368006AE03F /* ImageViewController.h */,
				D38C6EB119AF9368006AE03F /* ImageViewController.m */,
				D38C6E8B19AF91B1006AE03F /* TopPlacesViewController.h */,
				D38C6E8C19AF91B1006AE03F /* TopPlacesViewController.m */,
				D323CDE019B2ACAF00E8F68C /* RecentUserDefaults.h */,
				D323CDE119B2ACAF00E8F68C /* RecentUserDefaults.m */,
				D323CDE319B2B16E00E8F68C /* RecentFLickrPhotosTVC.h */,
				D323CDE419B2B16E00E8F68C /* RecentFLickrPhotosTVC.m */,
				D38C6E8E19AF91B1006AE03F /* Images.xcassets */,
				D38C6EAB19AF9249006AE03F /* Flickr Fetcher */,
				D38C6E7A19AF91B1006AE03F /* Supporting Files */,
			);
			path = TopPlaces;
			sourceTree = "<group>";
		};
		D38C6E7A19AF91B1006AE03F /* Supporting Files */ = {
			isa = PBXGroup;
			children = (
				D38C6E8219AF91B1006AE03F /* TopPlacesAppDelegate.h */,
				D38C6E8319AF91B1006AE03F /* TopPlacesAppDelegate.m */,
				D38C6E7B19AF91B1006AE03F /* TopPlaces-Info.plist */,
				D38C6E7C19AF91B1006AE03F /* InfoPlist.strings */,
				D38C6E7F19AF91B1006AE03F /* main.m */,
				D38C6E8119AF91B1006AE03F /* TopPlaces-Prefix.pch */,
			);
			name = "Supporting Files";
			sourceTree = "<group>";
		};
		D38C6E9B19AF91B1006AE03F /* TopPlacesTests */ = {
			isa = PBXGroup;
			children = (
				D38C6EA119AF91B1006AE03F /* TopPlacesTests.m */,
				D38C6E9C19AF91B1006AE03F /* Supporting Files */,
			);
			path = TopPlacesTests;
			sourceTree = "<group>";
		};
		D38C6E9C19AF91B1006AE03F /* Supporting Files */ = {
			isa = PBXGroup;
			children = (
				D38C6E9D19AF91B1006AE03F /* TopPlacesTests-Info.plist */,
				D38C6E9E19AF91B1006AE03F /* InfoPlist.strings */,
			);
			name = "Supporting Files";
			sourceTree = "<group>";
		};
		D38C6EAB19AF9249006AE03F /* Flickr Fetcher */ = {
			isa = PBXGroup;
			children = (
				D38C6EAC19AF9249006AE03F /* FlickrAPIKey.h */,
				D38C6EAD19AF9249006AE03F /* FlickrFetcher.h */,
				D38C6EAE19AF9249006AE03F /* FlickrFetcher.m */,
			);
			path = "Flickr Fetcher";
			sourceTree = "<group>";
		};
/* End PBXGroup section */

/* Begin PBXNativeTarget section */
		D38C6E6F19AF91B1006AE03F /* TopPlaces */ = {
			isa = PBXNativeTarget;
			buildConfigurationList = D38C6EA519AF91B1006AE03F /* Build configuration list for PBXNativeTarget "TopPlaces" */;
			buildPhases = (
				D38C6E6C19AF91B1006AE03F /* Sources */,
				D38C6E6D19AF91B1006AE03F /* Frameworks */,
				D38C6E6E19AF91B1006AE03F /* Resources */,
			);
			buildRules = (
			);
			dependencies = (
			);
			name = TopPlaces;
			productName = TopPlaces;
			productReference = D38C6E7019AF91B1006AE03F /* TopPlaces.app */;
			productType = "com.apple.product-type.application";
		};
		D38C6E9319AF91B1006AE03F /* TopPlacesTests */ = {
			isa = PBXNativeTarget;
			buildConfigurationList = D38C6EA819AF91B1006AE03F /* Build configuration list for PBXNativeTarget "TopPlacesTests" */;
			buildPhases = (
				D38C6E9019AF91B1006AE03F /* Sources */,
				D38C6E9119AF91B1006AE03F /* Frameworks */,
				D38C6E9219AF91B1006AE03F /* Resources */,
			);
			buildRules = (
			);
			dependencies = (
				D38C6E9A19AF91B1006AE03F /* PBXTargetDependency */,
			);
			name = TopPlacesTests;
			productName = TopPlacesTests;
			productReference = D38C6E9419AF91B1006AE03F /* TopPlacesTests.xctest */;
			productType = "com.apple.product-type.bundle.unit-test";
		};
/* End PBXNativeTarget section */

/* Begin PBXProject section */
		D38C6E6819AF91B1006AE03F /* Project object */ = {
			isa = PBXProject;
			attributes = {
				CLASSPREFIX = TopPlaces;
				LastUpgradeCheck = 0510;
				ORGANIZATIONNAME = "Brian Li";
				TargetAttributes = {
					D38C6E9319AF91B1006AE03F = {
						TestTargetID = D38C6E6F19AF91B1006AE03F;
					};
				};
			};
			buildConfigurationList = D38C6E6B19AF91B1006AE03F /* Build configuration list for PBXProject "TopPlaces" */;
			compatibilityVersion = "Xcode 3.2";
			developmentRegion = English;
			hasScannedForEncodings = 0;
			knownRegions = (
				en,
				Base,
			);
			mainGroup = D38C6E6719AF91B1006AE03F;
			productRefGroup = D38C6E7119AF91B1006AE03F /* Products */;
			projectDirPath = "";
			projectRoot = "";
			targets = (
				D38C6E6F19AF91B1006AE03F /* TopPlaces */,
				D38C6E9319AF91B1006AE03F /* TopPlacesTests */,
			);
		};
/* End PBXProject section */

/* Begin PBXResourcesBuildPhase section */
		D38C6E6E19AF91B1006AE03F /* Resources */ = {
			isa = PBXResourcesBuildPhase;
			buildActionMask = 2147483647;
			files = (
				D38C6E8A19AF91B1006AE03F /* Main_iPad.storyboard in Resources */,
				D38C6E8F19AF91B1006AE03F /* Images.xcassets in Resources */,
				D38C6E8719AF91B1006AE03F /* Main_iPhone.storyboard in Resources */,
				D38C6E7E19AF91B1006AE03F /* InfoPlist.strings in Resources */,
			);
			runOnlyForDeploymentPostprocessing = 0;
		};
		D38C6E9219AF91B1006AE03F /* Resources */ = {
			isa = PBXResourcesBuildPhase;
			buildActionMask = 2147483647;
			files = (
				D38C6EA019AF91B1006AE03F /* InfoPlist.strings in Resources */,
			);
			runOnlyForDeploymentPostprocessing = 0;
		};
/* End PBXResourcesBuildPhase section */

/* Begin PBXSourcesBuildPhase section */
		D38C6E6C19AF91B1006AE03F /* Sources */ = {
			isa = PBXSourcesBuildPhase;
			buildActionMask = 2147483647;
			files = (
				D38C6EB219AF9368006AE03F /* ImageViewController.m in Sources */,
				D353104019AFC6BC00541405 /* TopPlacesTVC.m in Sources */,
				D323CDE519B2B16E00E8F68C /* RecentFLickrPhotosTVC.m in Sources */,
				D38C6E8D19AF91B1006AE03F /* TopPlacesViewController.m in Sources */,
				D38C6E8419AF91B1006AE03F /* TopPlacesAppDelegate.m in Sources */,
				D38C6EAF19AF9249006AE03F /* FlickrFetcher.m in Sources */,
				D38C6E8019AF91B1006AE03F /* main.m in Sources */,
				D38FE28D19AFB3200072BEEF /* FLickrPhotosTVC.m in Sources */,
				D353103919AFC37500541405 /* PlacesTVC.m in Sources */,
				D38FE29619AFC19E0072BEEF /* PlaceTopFlickrPhotosTVC.m in Sources */,
				D323CDE219B2ACAF00E8F68C /* RecentUserDefaults.m in Sources */,
			);
			runOnlyForDeploymentPostprocessing = 0;
		};
		D38C6E9019AF91B1006AE03F /* Sources */ = {
			isa = PBXSourcesBuildPhase;
			buildActionMask = 2147483647;
			files = (
				D38C6EA219AF91B1006AE03F /* TopPlacesTests.m in Sources */,
			);
			runOnlyForDeploymentPostprocessing = 0;
		};
/* End PBXSourcesBuildPhase section */

/* Begin PBXTargetDependency section */
		D38C6E9A19AF91B1006AE03F /* PBXTargetDependency */ = {
			isa = PBXTargetDependency;
			target = D38C6E6F19AF91B1006AE03F /* TopPlaces */;
			targetProxy = D38C6E9919AF91B1006AE03F /* PBXContainerItemProxy */;
		};
/* End PBXTargetDependency section */

/* Begin PBXVariantGroup section */
		D38C6E7C19AF91B1006AE03F /* InfoPlist.strings */ = {
			isa = PBXVariantGroup;
			children = (
				D38C6E7D19AF91B1006AE03F /* en */,
			);
			name = InfoPlist.strings;
			sourceTree = "<group>";
		};
		D38C6E8519AF91B1006AE03F /* Main_iPhone.storyboard */ = {
			isa = PBXVariantGroup;
			children = (
				D38C6E8619AF91B1006AE03F /* Base */,
			);
			name = Main_iPhone.storyboard;
			sourceTree = "<group>";
		};
		D38C6E8819AF91B1006AE03F /* Main_iPad.storyboard */ = {
			isa = PBXVariantGroup;
			children = (
				D38C6E8919AF91B1006AE03F /* Base */,
			);
			name = Main_iPad.storyboard;
			sourceTree = "<group>";
		};
		D38C6E9E19AF91B1006AE03F /* InfoPlist.strings */ = {
			isa = PBXVariantGroup;
			children = (
				D38C6E9F19AF91B1006AE03F /* en */,
			);
			name = InfoPlist.strings;
			sourceTree = "<group>";
		};
/* End PBXVariantGroup section */

/* Begin XCBuildConfiguration section */
		D38C6EA319AF91B1006AE03F /* Debug */ = {
			isa = XCBuildConfiguration;
			buildSettings = {
				ALWAYS_SEARCH_USER_PATHS = NO;
				CLANG_CXX_LANGUAGE_STANDARD = "gnu++0x";
				CLANG_CXX_LIBRARY = "libc++";
				CLANG_ENABLE_MODULES = YES;
				CLANG_ENABLE_OBJC_ARC = YES;
				CLANG_WARN_BOOL_CONVERSION = YES;
				CLANG_WARN_CONSTANT_CONVERSION = YES;
				CLANG_WARN_DIRECT_OBJC_ISA_USAGE = YES_ERROR;
				CLANG_WARN_EMPTY_BODY = YES;
				CLANG_WARN_ENUM_CONVERSION = YES;
				CLANG_WARN_INT_CONVERSION = YES;
				CLANG_WARN_OBJC_ROOT_CLASS = YES_ERROR;
				CLANG_WARN__DUPLICATE_METHOD_MATCH = YES;
				"CODE_SIGN_IDENTITY[sdk=iphoneos*]" = "iPhone Developer";
				COPY_PHASE_STRIP = NO;
				GCC_C_LANGUAGE_STANDARD = gnu99;
				GCC_DYNAMIC_NO_PIC = NO;
				GCC_OPTIMIZATION_LEVEL = 0;
				GCC_PREPROCESSOR_DEFINITIONS = (
					"DEBUG=1",
					"$(inherited)",
				);
				GCC_SYMBOLS_PRIVATE_EXTERN = NO;
				GCC_WARN_64_TO_32_BIT_CONVERSION = YES;
				GCC_WARN_ABOUT_RETURN_TYPE = YES_ERROR;
				GCC_WARN_UNDECLARED_SELECTOR = YES;
				GCC_WARN_UNINITIALIZED_AUTOS = YES_AGGRESSIVE;
				GCC_WARN_UNUSED_FUNCTION = YES;
				GCC_WARN_UNUSED_VARIABLE = YES;
				IPHONEOS_DEPLOYMENT_TARGET = 7.1;
				ONLY_ACTIVE_ARCH = YES;
				SDKROOT = iphoneos;
				TARGETED_DEVICE_FAMILY = "1,2";
			};
			name = Debug;
		};
		D38C6EA419AF91B1006AE03F /* Release */ = {
			isa = XCBuildConfiguration;
			buildSettings = {
				ALWAYS_SEARCH_USER_PATHS = NO;
				CLANG_CXX_LANGUAGE_STANDARD = "gnu++0x";
				CLANG_CXX_LIBRARY = "libc++";
				CLANG_ENABLE_MODULES = YES;
				CLANG_ENABLE_OBJC_ARC = YES;
				CLANG_WARN_BOOL_CONVERSION = YES;
				CLANG_WARN_CONSTANT_CONVERSION = YES;
				CLANG_WARN_DIRECT_OBJC_ISA_USAGE = YES_ERROR;
				CLANG_WARN_EMPTY_BODY = YES;
				CLANG_WARN_ENUM_CONVERSION = YES;
				CLANG_WARN_INT_CONVERSION = YES;
				CLANG_WARN_OBJC_ROOT_CLASS = YES_ERROR;
				CLANG_WARN__DUPLICATE_METHOD_MATCH = YES;
				"CODE_SIGN_IDENTITY[sdk=iphoneos*]" = "iPhone Developer";
				COPY_PHASE_STRIP = YES;
				ENABLE_NS_ASSERTIONS = NO;
				GCC_C_LANGUAGE_STANDARD = gnu99;
				GCC_WARN_64_TO_32_BIT_CONVERSION = YES;
				GCC_WARN_ABOUT_RETURN_TYPE = YES_ERROR;
				GCC_WARN_UNDECLARED_SELECTOR = YES;
				GCC_WARN_UNINITIALIZED_AUTOS = YES_AGGRESSIVE;
				GCC_WARN_UNUSED_FUNCTION = YES;
				GCC_WARN_UNUSED_VARIABLE = YES;
				IPHONEOS_DEPLOYMENT_TARGET = 7.1;
				SDKROOT = iphoneos;
				TARGETED_DEVICE_FAMILY = "1,2";
				VALIDATE_PRODUCT = YES;
			};
			name = Release;
		};
		D38C6EA619AF91B1006AE03F /* Debug */ = {
			isa = XCBuildConfiguration;
			buildSettings = {
				ASSETCATALOG_COMPILER_APPICON_NAME = AppIcon;
				ASSETCATALOG_COMPILER_LAUNCHIMAGE_NAME = LaunchImage;
				GCC_PRECOMPILE_PREFIX_HEADER = YES;
				GCC_PREFIX_HEADER = "TopPlaces/TopPlaces-Prefix.pch";
				INFOPLIST_FILE = "TopPlaces/TopPlaces-Info.plist";
				PRODUCT_NAME = "$(TARGET_NAME)";
				WRAPPER_EXTENSION = app;
			};
			name = Debug;
		};
		D38C6EA719AF91B1006AE03F /* Release */ = {
			isa = XCBuildConfiguration;
			buildSettings = {
				ASSETCATALOG_COMPILER_APPICON_NAME = AppIcon;
				ASSETCATALOG_COMPILER_LAUNCHIMAGE_NAME = LaunchImage;
				GCC_PRECOMPILE_PREFIX_HEADER = YES;
				GCC_PREFIX_HEADER = "TopPlaces/TopPlaces-Prefix.pch";
				INFOPLIST_FILE = "TopPlaces/TopPlaces-Info.plist";
				PRODUCT_NAME = "$(TARGET_NAME)";
				WRAPPER_EXTENSION = app;
			};
			name = Release;
		};
		D38C6EA919AF91B1006AE03F /* Debug */ = {
			isa = XCBuildConfiguration;
			buildSettings = {
				BUNDLE_LOADER = "$(BUILT_PRODUCTS_DIR)/TopPlaces.app/TopPlaces";
				FRAMEWORK_SEARCH_PATHS = (
					"$(SDKROOT)/Developer/Library/Frameworks",
					"$(inherited)",
					"$(DEVELOPER_FRAMEWORKS_DIR)",
				);
				GCC_PRECOMPILE_PREFIX_HEADER = YES;
				GCC_PREFIX_HEADER = "TopPlaces/TopPlaces-Prefix.pch";
				GCC_PREPROCESSOR_DEFINITIONS = (
					"DEBUG=1",
					"$(inherited)",
				);
				INFOPLIST_FILE = "TopPlacesTests/TopPlacesTests-Info.plist";
				PRODUCT_NAME = "$(TARGET_NAME)";
				TEST_HOST = "$(BUNDLE_LOADER)";
				WRAPPER_EXTENSION = xctest;
			};
			name = Debug;
		};
		D38C6EAA19AF91B1006AE03F /* Release */ = {
			isa = XCBuildConfiguration;
			buildSettings = {
				BUNDLE_LOADER = "$(BUILT_PRODUCTS_DIR)/TopPlaces.app/TopPlaces";
				FRAMEWORK_SEARCH_PATHS = (
					"$(SDKROOT)/Developer/Library/Frameworks",
					"$(inherited)",
					"$(DEVELOPER_FRAMEWORKS_DIR)",
				);
				GCC_PRECOMPILE_PREFIX_HEADER = YES;
				GCC_PREFIX_HEADER = "TopPlaces/TopPlaces-Prefix.pch";
				INFOPLIST_FILE = "TopPlacesTests/TopPlacesTests-Info.plist";
				PRODUCT_NAME = "$(TARGET_NAME)";
				TEST_HOST = "$(BUNDLE_LOADER)";
				WRAPPER_EXTENSION = xctest;
			};
			name = Release;
		};
/* End XCBuildConfiguration section */

/* Begin XCConfigurationList section */
		D38C6E6B19AF91B1006AE03F /* Build configuration list for PBXProject "TopPlaces" */ = {
			isa = XCConfigurationList;
			buildConfigurations = (
				D38C6EA319AF91B1006AE03F /* Debug */,
				D38C6EA419AF91B1006AE03F /* Release */,
			);
			defaultConfigurationIsVisible = 0;
			defaultConfigurationName = Release;
		};
		D38C6EA519AF91B1006AE03F /* Build configuration list for PBXNativeTarget "TopPlaces" */ = {
			isa = XCConfigurationList;
			buildConfigurations = (
				D38C6EA619AF91B1006AE03F /* Debug */,
				D38C6EA719AF91B1006AE03F /* Release */,
			);
			defaultConfigurationIsVisible = 0;
			defaultConfigurationName = Release;
		};
		D38C6EA819AF91B1006AE03F /* Build configuration list for PBXNativeTarget "TopPlacesTests" */ = {
			isa = XCConfigurationList;
			buildConfigurations = (
				D38C6EA919AF91B1006AE03F /* Debug */,
				D38C6EAA19AF91B1006AE03F /* Release */,
			);
			defaultConfigurationIsVisible = 0;
			defaultConfigurationName = Release;
		};
/* End XCConfigurationList section */
	};
	rootObject = D38C6E6819AF91B1006AE03F /* Project object */;
}
